// !$*UTF8*$!
{
	archiveVersion = 1;
	classes = {
	};
	objectVersion = 51;
	objects = {

/* Begin PBXBuildFile section */
		189CA9402428B43D00FD82E4 /* AppDelegate.swift in Sources */ = {isa = PBXBuildFile; fileRef = 189CA93F2428B43D00FD82E4 /* AppDelegate.swift */; };
		189CA9442428B43D00FD82E4 /* ViewController.swift in Sources */ = {isa = PBXBuildFile; fileRef = 189CA9432428B43D00FD82E4 /* ViewController.swift */; };
		189CA9472428B43D00FD82E4 /* Main.storyboard in Resources */ = {isa = PBXBuildFile; fileRef = 189CA9452428B43D00FD82E4 /* Main.storyboard */; };
		189CA9492428B44100FD82E4 /* Assets.xcassets in Resources */ = {isa = PBXBuildFile; fileRef = 189CA9482428B44100FD82E4 /* Assets.xcassets */; };
		189CA94C2428B44100FD82E4 /* LaunchScreen.storyboard in Resources */ = {isa = PBXBuildFile; fileRef = 189CA94A2428B44100FD82E4 /* LaunchScreen.storyboard */; };
		18EA1A8A24349F31007BDC3A /* GoogleService-Info.plist in Resources */ = {isa = PBXBuildFile; fileRef = 18EA1A8924349F31007BDC3A /* GoogleService-Info.plist */; };
		C747FCBAC1D134C474C56159 /* Pods_PocAll.framework in Frameworks */ = {isa = PBXBuildFile; fileRef = 449CABB039B140F56285C310 /* Pods_PocAll.framework */; };
/* End PBXBuildFile section */

/* Begin PBXFileReference section */
		189CA93C2428B43D00FD82E4 /* PocAll.app */ = {isa = PBXFileReference; explicitFileType = wrapper.application; includeInIndex = 0; path = PocAll.app; sourceTree = BUILT_PRODUCTS_DIR; };
		189CA93F2428B43D00FD82E4 /* AppDelegate.swift */ = {isa = PBXFileReference; lastKnownFileType = sourcecode.swift; path = AppDelegate.swift; sourceTree = "<group>"; };
		189CA9432428B43D00FD82E4 /* ViewController.swift */ = {isa = PBXFileReference; lastKnownFileType = sourcecode.swift; path = ViewController.swift; sourceTree = "<group>"; };
		189CA9462428B43D00FD82E4 /* Base */ = {isa = PBXFileReference; lastKnownFileType = file.storyboard; name = Base; path = Base.lproj/Main.storyboard; sourceTree = "<group>"; };
		189CA9482428B44100FD82E4 /* Assets.xcassets */ = {isa = PBXFileReference; lastKnownFileType = folder.assetcatalog; path = Assets.xcassets; sourceTree = "<group>"; };
		189CA94B2428B44100FD82E4 /* Base */ = {isa = PBXFileReference; lastKnownFileType = file.storyboard; name = Base; path = Base.lproj/LaunchScreen.storyboard; sourceTree = "<group>"; };
		189CA94D2428B44100FD82E4 /* Info.plist */ = {isa = PBXFileReference; lastKnownFileType = text.plist.xml; path = Info.plist; sourceTree = "<group>"; };
		18EA1A8924349F31007BDC3A /* GoogleService-Info.plist */ = {isa = PBXFileReference; fileEncoding = 4; lastKnownFileType = text.plist.xml; path = "GoogleService-Info.plist"; sourceTree = "<group>"; };
		18EA1A8B2434A53F007BDC3A /* PocAll.entitlements */ = {isa = PBXFileReference; lastKnownFileType = text.plist.entitlements; path = PocAll.entitlements; sourceTree = "<group>"; };
		449CABB039B140F56285C310 /* Pods_PocAll.framework */ = {isa = PBXFileReference; explicitFileType = wrapper.framework; includeInIndex = 0; path = Pods_PocAll.framework; sourceTree = BUILT_PRODUCTS_DIR; };
		90A7F2532FDD20206CDA44B0 /* Pods-PocAll.release.xcconfig */ = {isa = PBXFileReference; includeInIndex = 1; lastKnownFileType = text.xcconfig; name = "Pods-PocAll.release.xcconfig"; path = "Target Support Files/Pods-PocAll/Pods-PocAll.release.xcconfig"; sourceTree = "<group>"; };
		9A4968EEDCA8060A3087F1A9 /* Pods-PocAll.debug.xcconfig */ = {isa = PBXFileReference; includeInIndex = 1; lastKnownFileType = text.xcconfig; name = "Pods-PocAll.debug.xcconfig"; path = "Target Support Files/Pods-PocAll/Pods-PocAll.debug.xcconfig"; sourceTree = "<group>"; };
/* End PBXFileReference section */

/* Begin PBXFrameworksBuildPhase section */
		189CA9392428B43D00FD82E4 /* Frameworks */ = {
			isa = PBXFrameworksBuildPhase;
			buildActionMask = 2147483647;
			files = (
				C747FCBAC1D134C474C56159 /* Pods_PocAll.framework in Frameworks */,
			);
			runOnlyForDeploymentPostprocessing = 0;
		};
/* End PBXFrameworksBuildPhase section */

/* Begin PBXGroup section */
		189CA9332428B43D00FD82E4 = {
			isa = PBXGroup;
			children = (
				189CA93E2428B43D00FD82E4 /* PocAll */,
				189CA93D2428B43D00FD82E4 /* Products */,
				A71ECB55F7C2E7AF8E27E41D /* Pods */,
				C932D5A1A3015EAB6BC569D5 /* Frameworks */,
			);
			sourceTree = "<group>";
		};
		189CA93D2428B43D00FD82E4 /* Products */ = {
			isa = PBXGroup;
			children = (
				189CA93C2428B43D00FD82E4 /* PocAll.app */,
			);
			name = Products;
			sourceTree = "<group>";
		};
		189CA93E2428B43D00FD82E4 /* PocAll */ = {
			isa = PBXGroup;
			children = (
				18EA1A8B2434A53F007BDC3A /* PocAll.entitlements */,
				18EA1A8924349F31007BDC3A /* GoogleService-Info.plist */,
				189CA93F2428B43D00FD82E4 /* AppDelegate.swift */,
				189CA9432428B43D00FD82E4 /* ViewController.swift */,
				189CA9452428B43D00FD82E4 /* Main.storyboard */,
				189CA9482428B44100FD82E4 /* Assets.xcassets */,
				189CA94A2428B44100FD82E4 /* LaunchScreen.storyboard */,
				189CA94D2428B44100FD82E4 /* Info.plist */,
			);
			path = PocAll;
			sourceTree = "<group>";
		};
		A71ECB55F7C2E7AF8E27E41D /* Pods */ = {
			isa = PBXGroup;
			children = (
				9A4968EEDCA8060A3087F1A9 /* Pods-PocAll.debug.xcconfig */,
				90A7F2532FDD20206CDA44B0 /* Pods-PocAll.release.xcconfig */,
			);
			path = Pods;
			sourceTree = "<group>";
		};
		C932D5A1A3015EAB6BC569D5 /* Frameworks */ = {
			isa = PBXGroup;
			children = (
				449CABB039B140F56285C310 /* Pods_PocAll.framework */,
			);
			name = Frameworks;
			sourceTree = "<group>";
		};
/* End PBXGroup section */

/* Begin PBXNativeTarget section */
		189CA93B2428B43D00FD82E4 /* PocAll */ = {
			isa = PBXNativeTarget;
			buildConfigurationList = 189CA9502428B44100FD82E4 /* Build configuration list for PBXNativeTarget "PocAll" */;
			buildPhases = (
				0CE4FFE8C3B4CD1971AD32BC /* [CP] Check Pods Manifest.lock */,
				189CA9382428B43D00FD82E4 /* Sources */,
				189CA9392428B43D00FD82E4 /* Frameworks */,
				189CA93A2428B43D00FD82E4 /* Resources */,
				97E5049FBF41B5BBD6274D99 /* [CP] Embed Pods Frameworks */,
			);
			buildRules = (
			);
			dependencies = (
			);
			name = PocAll;
			productName = PocAll;
			productReference = 189CA93C2428B43D00FD82E4 /* PocAll.app */;
			productType = "com.apple.product-type.application";
		};
/* End PBXNativeTarget section */

/* Begin PBXProject section */
		189CA9342428B43D00FD82E4 /* Project object */ = {
			isa = PBXProject;
			attributes = {
				LastSwiftUpdateCheck = 1130;
				LastUpgradeCheck = 1130;
				ORGANIZATIONNAME = nutdanai;
				TargetAttributes = {
					189CA93B2428B43D00FD82E4 = {
						CreatedOnToolsVersion = 11.3.1;
					};
				};
			};
			buildConfigurationList = 189CA9372428B43D00FD82E4 /* Build configuration list for PBXProject "PocAll" */;
			compatibilityVersion = "Xcode 9.3";
			developmentRegion = en;
			hasScannedForEncodings = 0;
			knownRegions = (
				en,
				Base,
			);
			mainGroup = 189CA9332428B43D00FD82E4;
			productRefGroup = 189CA93D2428B43D00FD82E4 /* Products */;
			projectDirPath = "";
			projectRoot = "";
			targets = (
				189CA93B2428B43D00FD82E4 /* PocAll */,
			);
		};
/* End PBXProject section */

/* Begin PBXResourcesBuildPhase section */
		189CA93A2428B43D00FD82E4 /* Resources */ = {
			isa = PBXResourcesBuildPhase;
			buildActionMask = 2147483647;
			files = (
				18EA1A8A24349F31007BDC3A /* GoogleService-Info.plist in Resources */,
				189CA94C2428B44100FD82E4 /* LaunchScreen.storyboard in Resources */,
				189CA9492428B44100FD82E4 /* Assets.xcassets in Resources */,
				189CA9472428B43D00FD82E4 /* Main.storyboard in Resources */,
			);
			runOnlyForDeploymentPostprocessing = 0;
		};
/* End PBXResourcesBuildPhase section */

/* Begin PBXShellScriptBuildPhase section */
		0CE4FFE8C3B4CD1971AD32BC /* [CP] Check Pods Manifest.lock */ = {
			isa = PBXShellScriptBuildPhase;
			buildActionMask = 2147483647;
			files = (
			);
			inputFileListPaths = (
			);
			inputPaths = (
				"${PODS_PODFILE_DIR_PATH}/Podfile.lock",
				"${PODS_ROOT}/Manifest.lock",
			);
			name = "[CP] Check Pods Manifest.lock";
			outputFileListPaths = (
			);
			outputPaths = (
				"$(DERIVED_FILE_DIR)/Pods-PocAll-checkManifestLockResult.txt",
			);
			runOnlyForDeploymentPostprocessing = 0;
			shellPath = /bin/sh;
			shellScript = "diff \"${PODS_PODFILE_DIR_PATH}/Podfile.lock\" \"${PODS_ROOT}/Manifest.lock\" > /dev/null\nif [ $? != 0 ] ; then\n    # print error to STDERR\n    echo \"error: The sandbox is not in sync with the Podfile.lock. Run 'pod install' or update your CocoaPods installation.\" >&2\n    exit 1\nfi\n# This output is used by Xcode 'outputs' to avoid re-running this script phase.\necho \"SUCCESS\" > \"${SCRIPT_OUTPUT_FILE_0}\"\n";
			showEnvVarsInLog = 0;
		};
		97E5049FBF41B5BBD6274D99 /* [CP] Embed Pods Frameworks */ = {
			isa = PBXShellScriptBuildPhase;
			buildActionMask = 2147483647;
			files = (
			);
			inputFileListPaths = (
				"${PODS_ROOT}/Target Support Files/Pods-PocAll/Pods-PocAll-frameworks-${CONFIGURATION}-input-files.xcfilelist",
			);
			name = "[CP] Embed Pods Frameworks";
			outputFileListPaths = (
				"${PODS_ROOT}/Target Support Files/Pods-PocAll/Pods-PocAll-frameworks-${CONFIGURATION}-output-files.xcfilelist",
			);
			runOnlyForDeploymentPostprocessing = 0;
			shellPath = /bin/sh;
			shellScript = "\"${PODS_ROOT}/Target Support Files/Pods-PocAll/Pods-PocAll-frameworks.sh\"\n";
			showEnvVarsInLog = 0;
		};
/* End PBXShellScriptBuildPhase section */

/* Begin PBXSourcesBuildPhase section */
		189CA9382428B43D00FD82E4 /* Sources */ = {
			isa = PBXSourcesBuildPhase;
			buildActionMask = 2147483647;
			files = (
				189CA9442428B43D00FD82E4 /* ViewController.swift in Sources */,
				189CA9402428B43D00FD82E4 /* AppDelegate.swift in Sources */,
			);
			runOnlyForDeploymentPostprocessing = 0;
		};
/* End PBXSourcesBuildPhase section */

/* Begin PBXVariantGroup section */
		189CA9452428B43D00FD82E4 /* Main.storyboard */ = {
			isa = PBXVariantGroup;
			children = (
				189CA9462428B43D00FD82E4 /* Base */,
			);
			name = Main.storyboard;
			sourceTree = "<group>";
		};
		189CA94A2428B44100FD82E4 /* LaunchScreen.storyboard */ = {
			isa = PBXVariantGroup;
			children = (
				189CA94B2428B44100FD82E4 /* Base */,
			);
			name = LaunchScreen.storyboard;
			sourceTree = "<group>";
		};
/* End PBXVariantGroup section */

/* Begin XCBuildConfiguration section */
		189CA94E2428B44100FD82E4 /* Debug */ = {
			isa = XCBuildConfiguration;
			buildSettings = {
				ALWAYS_SEARCH_USER_PATHS = NO;
				CLANG_ANALYZER_NONNULL = YES;
				CLANG_ANALYZER_NUMBER_OBJECT_CONVERSION = YES_AGGRESSIVE;
				CLANG_CXX_LANGUAGE_STANDARD = "gnu++14";
				CLANG_CXX_LIBRARY = "libc++";
				CLANG_ENABLE_MODULES = YES;
				CLANG_ENABLE_OBJC_ARC = YES;
				CLANG_ENABLE_OBJC_WEAK = YES;
				CLANG_WARN_BLOCK_CAPTURE_AUTORELEASING = YES;
				CLANG_WARN_BOOL_CONVERSION = YES;
				CLANG_WARN_COMMA = YES;
				CLANG_WARN_CONSTANT_CONVERSION = YES;
				CLANG_WARN_DEPRECATED_OBJC_IMPLEMENTATIONS = YES;
				CLANG_WARN_DIRECT_OBJC_ISA_USAGE = YES_ERROR;
				CLANG_WARN_DOCUMENTATION_COMMENTS = YES;
				CLANG_WARN_EMPTY_BODY = YES;
				CLANG_WARN_ENUM_CONVERSION = YES;
				CLANG_WARN_INFINITE_RECURSION = YES;
				CLANG_WARN_INT_CONVERSION = YES;
				CLANG_WARN_NON_LITERAL_NULL_CONVERSION = YES;
				CLANG_WARN_OBJC_IMPLICIT_RETAIN_SELF = YES;
				CLANG_WARN_OBJC_LITERAL_CONVERSION = YES;
				CLANG_WARN_OBJC_ROOT_CLASS = YES_ERROR;
				CLANG_WARN_RANGE_LOOP_ANALYSIS = YES;
				CLANG_WARN_STRICT_PROTOTYPES = YES;
				CLANG_WARN_SUSPICIOUS_MOVE = YES;
				CLANG_WARN_UNGUARDED_AVAILABILITY = YES_AGGRESSIVE;
				CLANG_WARN_UNREACHABLE_CODE = YES;
				CLANG_WARN__DUPLICATE_METHOD_MATCH = YES;
				COPY_PHASE_STRIP = NO;
				DEBUG_INFORMATION_FORMAT = dwarf;
				ENABLE_STRICT_OBJC_MSGSEND = YES;
				ENABLE_TESTABILITY = YES;
				GCC_C_LANGUAGE_STANDARD = gnu11;
				GCC_DYNAMIC_NO_PIC = NO;
				GCC_NO_COMMON_BLOCKS = YES;
				GCC_OPTIMIZATION_LEVEL = 0;
				GCC_PREPROCESSOR_DEFINITIONS = (
					"DEBUG=1",
					"$(inherited)",
				);
				GCC_WARN_64_TO_32_BIT_CONVERSION = YES;
				GCC_WARN_ABOUT_RETURN_TYPE = YES_ERROR;
				GCC_WARN_UNDECLARED_SELECTOR = YES;
				GCC_WARN_UNINITIALIZED_AUTOS = YES_AGGRESSIVE;
				GCC_WARN_UNUSED_FUNCTION = YES;
				GCC_WARN_UNUSED_VARIABLE = YES;
				IPHONEOS_DEPLOYMENT_TARGET = 13.2;
				MTL_ENABLE_DEBUG_INFO = INCLUDE_SOURCE;
				MTL_FAST_MATH = YES;
				ONLY_ACTIVE_ARCH = YES;
				SDKROOT = iphoneos;
				SWIFT_ACTIVE_COMPILATION_CONDITIONS = DEBUG;
				SWIFT_OPTIMIZATION_LEVEL = "-Onone";
			};
			name = Debug;
		};
		189CA94F2428B44100FD82E4 /* Release */ = {
			isa = XCBuildConfiguration;
			buildSettings = {
				ALWAYS_SEARCH_USER_PATHS = NO;
				CLANG_ANALYZER_NONNULL = YES;
				CLANG_ANALYZER_NUMBER_OBJECT_CONVERSION = YES_AGGRESSIVE;
				CLANG_CXX_LANGUAGE_STANDARD = "gnu++14";
				CLANG_CXX_LIBRARY = "libc++";
				CLANG_ENABLE_MODULES = YES;
				CLANG_ENABLE_OBJC_ARC = YES;
				CLANG_ENABLE_OBJC_WEAK = YES;
				CLANG_WARN_BLOCK_CAPTURE_AUTORELEASING = YES;
				CLANG_WARN_BOOL_CONVERSION = YES;
				CLANG_WARN_COMMA = YES;
				CLANG_WARN_CONSTANT_CONVERSION = YES;
				CLANG_WARN_DEPRECATED_OBJC_IMPLEMENTATIONS = YES;
				CLANG_WARN_DIRECT_OBJC_ISA_USAGE = YES_ERROR;
				CLANG_WARN_DOCUMENTATION_COMMENTS = YES;
				CLANG_WARN_EMPTY_BODY = YES;
				CLANG_WARN_ENUM_CONVERSION = YES;
				CLANG_WARN_INFINITE_RECURSION = YES;
				CLANG_WARN_INT_CONVERSION = YES;
				CLANG_WARN_NON_LITERAL_NULL_CONVERSION = YES;
				CLANG_WARN_OBJC_IMPLICIT_RETAIN_SELF = YES;
				CLANG_WARN_OBJC_LITERAL_CONVERSION = YES;
				CLANG_WARN_OBJC_ROOT_CLASS = YES_ERROR;
				CLANG_WARN_RANGE_LOOP_ANALYSIS = YES;
				CLANG_WARN_STRICT_PROTOTYPES = YES;
				CLANG_WARN_SUSPICIOUS_MOVE = YES;
				CLANG_WARN_UNGUARDED_AVAILABILITY = YES_AGGRESSIVE;
				CLANG_WARN_UNREACHABLE_CODE = YES;
				CLANG_WARN__DUPLICATE_METHOD_MATCH = YES;
				COPY_PHASE_STRIP = NO;
				DEBUG_INFORMATION_FORMAT = "dwarf-with-dsym";
				ENABLE_NS_ASSERTIONS = NO;
				ENABLE_STRICT_OBJC_MSGSEND = YES;
				GCC_C_LANGUAGE_STANDARD = gnu11;
				GCC_NO_COMMON_BLOCKS = YES;
				GCC_WARN_64_TO_32_BIT_CONVERSION = YES;
				GCC_WARN_ABOUT_RETURN_TYPE = YES_ERROR;
				GCC_WARN_UNDECLARED_SELECTOR = YES;
				GCC_WARN_UNINITIALIZED_AUTOS = YES_AGGRESSIVE;
				GCC_WARN_UNUSED_FUNCTION = YES;
				GCC_WARN_UNUSED_VARIABLE = YES;
				IPHONEOS_DEPLOYMENT_TARGET = 13.2;
				MTL_ENABLE_DEBUG_INFO = NO;
				MTL_FAST_MATH = YES;
				SDKROOT = iphoneos;
				SWIFT_COMPILATION_MODE = wholemodule;
				SWIFT_OPTIMIZATION_LEVEL = "-O";
				VALIDATE_PRODUCT = YES;
			};
			name = Release;
		};
		189CA9512428B44100FD82E4 /* Debug */ = {
			isa = XCBuildConfiguration;
			baseConfigurationReference = 9A4968EEDCA8060A3087F1A9 /* Pods-PocAll.debug.xcconfig */;
			buildSettings = {
				ASSETCATALOG_COMPILER_APPICON_NAME = AppIcon;
				CODE_SIGN_ENTITLEMENTS = PocAll/PocAll.entitlements;
				CODE_SIGN_IDENTITY = "Apple Development";
				CODE_SIGN_STYLE = Automatic;
				DEVELOPMENT_TEAM = TNTM737DFR;
				INFOPLIST_FILE = PocAll/Info.plist;
				IPHONEOS_DEPLOYMENT_TARGET = 10.3;
				LD_RUNPATH_SEARCH_PATHS = (
					"$(inherited)",
					"@executable_path/Frameworks",
				);
				PRODUCT_BUNDLE_IDENTIFIER = com.bk.PocAll;
				PRODUCT_NAME = "$(TARGET_NAME)";
				PROVISIONING_PROFILE_SPECIFIER = "";
				SWIFT_VERSION = 5.0;
				TARGETED_DEVICE_FAMILY = "1,2";
			};
			name = Debug;
		};
		189CA9522428B44100FD82E4 /* Release */ = {
			isa = XCBuildConfiguration;
			baseConfigurationReference = 90A7F2532FDD20206CDA44B0 /* Pods-PocAll.release.xcconfig */;
			buildSettings = {
				ASSETCATALOG_COMPILER_APPICON_NAME = AppIcon;
				CODE_SIGN_ENTITLEMENTS = PocAll/PocAll.entitlements;
				CODE_SIGN_STYLE = Automatic;
				DEVELOPMENT_TEAM = TNTM737DFR;
				INFOPLIST_FILE = PocAll/Info.plist;
				IPHONEOS_DEPLOYMENT_TARGET = 10.3;
				LD_RUNPATH_SEARCH_PATHS = (
					"$(inherited)",
					"@executable_path/Frameworks",
				);
				PRODUCT_BUNDLE_IDENTIFIER = com.bk.PocAll;
				PRODUCT_NAME = "$(TARGET_NAME)";
				SWIFT_VERSION = 5.0;
				TARGETED_DEVICE_FAMILY = "1,2";
			};
			name = Release;
		};
/* End XCBuildConfiguration section */

/* Begin XCConfigurationList section */
		189CA9372428B43D00FD82E4 /* Build configuration list for PBXProject "PocAll" */ = {
			isa = XCConfigurationList;
			buildConfigurations = (
				189CA94E2428B44100FD82E4 /* Debug */,
				189CA94F2428B44100FD82E4 /* Release */,
			);
			defaultConfigurationIsVisible = 0;
			defaultConfigurationName = Release;
		};
		189CA9502428B44100FD82E4 /* Build configuration list for PBXNativeTarget "PocAll" */ = {
			isa = XCConfigurationList;
			buildConfigurations = (
				189CA9512428B44100FD82E4 /* Debug */,
				189CA9522428B44100FD82E4 /* Release */,
			);
			defaultConfigurationIsVisible = 0;
			defaultConfigurationName = Release;
		};
/* End XCConfigurationList section */
	};
	rootObject = 189CA9342428B43D00FD82E4 /* Project object */;
}
